
Microsoft Visual Studio Solution File, Format Version 12.00
# Visual Studio Version 17
VisualStudioVersion = 17.7.34024.191
MinimumVisualStudioVersion = 10.0.40219.1
Project("{FAE04EC0-301F-11D3-BF4B-00C04F79EFBC}") = "Blopnote", "Blopnote\Blopnote.csproj", "{88CB2485-705B-474A-9146-ED9CF02F1BF8}"
EndProject
Project("{FAE04EC0-301F-11D3-BF4B-00C04F79EFBC}") = "BlopnoteTests", "BlopnoteTests\BlopnoteTests.csproj", "{73BEB3BB-8D29-4711-A81C-E36A8CC06974}"
EndProject
Global
	GlobalSection(SolutionConfigurationPlatforms) = preSolution
		Debug|Any CPU = Debug|Any CPU
		Release|Any CPU = Release|Any CPU
	EndGlobalSection
	GlobalSection(ProjectConfigurationPlatforms) = postSolution
		{88CB2485-705B-474A-9146-ED9CF02F1BF8}.Debug|Any CPU.ActiveCfg = Debug|Any CPU
		{88CB2485-705B-474A-9146-ED9CF02F1BF8}.Debug|Any CPU.Build.0 = Debug|Any CPU
		{88CB2485-705B-474A-9146-ED9CF02F1BF8}.Release|Any CPU.ActiveCfg = Release|Any CPU
		{88CB2485-705B-474A-9146-ED9CF02F1BF8}.Release|Any CPU.Build.0 = Release|Any CPU
		{73BEB3BB-8D29-4711-A81C-E36A8CC06974}.Debug|Any CPU.ActiveCfg = Debug|Any CPU
		{73BEB3BB-8D29-4711-A81C-E36A8CC06974}.Debug|Any CPU.Build.0 = Debug|Any CPU
		{73BEB3BB-8D29-4711-A81C-E36A8CC06974}.Release|Any CPU.ActiveCfg = Release|Any CPU
		{73BEB3BB-8D29-4711-A81C-E36A8CC06974}.Release|Any CPU.Build.0 = Release|Any CPU
	EndGlobalSection
	GlobalSection(SolutionProperties) = preSolution
		HideSolutionNode = FALSE
	EndGlobalSection
	GlobalSection(ExtensibilityGlobals) = postSolution
		SolutionGuid = {7B4EFB1C-D222-422C-A509-2324F3F154B2}
	EndGlobalSection
EndGlobal
